// !$*UTF8*$!
{
	archiveVersion = 1;
	classes = {
	};
	objectVersion = 46;
	objects = {

/* Begin PBXBuildFile section */
		5F314B5E1E42893A0080F1D3 /* MovieCell.swift in Sources */ = {isa = PBXBuildFile; fileRef = 5F314B5D1E42893A0080F1D3 /* MovieCell.swift */; };
		5F5202811E46BC64000B58DB /* DetailViewController.swift in Sources */ = {isa = PBXBuildFile; fileRef = 5F5202801E46BC64000B58DB /* DetailViewController.swift */; };
		5F67FCF81E400E09006E6E79 /* AppDelegate.swift in Sources */ = {isa = PBXBuildFile; fileRef = 5F67FCF71E400E09006E6E79 /* AppDelegate.swift */; };
		5F67FCFD1E400E09006E6E79 /* Main.storyboard in Resources */ = {isa = PBXBuildFile; fileRef = 5F67FCFB1E400E09006E6E79 /* Main.storyboard */; };
		5F67FCFF1E400E09006E6E79 /* Assets.xcassets in Resources */ = {isa = PBXBuildFile; fileRef = 5F67FCFE1E400E09006E6E79 /* Assets.xcassets */; };
		5F67FD021E400E09006E6E79 /* LaunchScreen.storyboard in Resources */ = {isa = PBXBuildFile; fileRef = 5F67FD001E400E09006E6E79 /* LaunchScreen.storyboard */; };
		5F67FD0A1E400F04006E6E79 /* MoviesViewController.swift in Sources */ = {isa = PBXBuildFile; fileRef = 5F67FD091E400F04006E6E79 /* MoviesViewController.swift */; };
		E18765752136BACD91ABFBAA /* Pods_movieViewer.framework in Frameworks */ = {isa = PBXBuildFile; fileRef = 243469B6FABE39CFA90608DD /* Pods_movieViewer.framework */; };
/* End PBXBuildFile section */

/* Begin PBXFileReference section */
		243469B6FABE39CFA90608DD /* Pods_movieViewer.framework */ = {isa = PBXFileReference; explicitFileType = wrapper.framework; includeInIndex = 0; path = Pods_movieViewer.framework; sourceTree = BUILT_PRODUCTS_DIR; };
		469A152ABFA413D8A200CC95 /* Pods-movieViewer.release.xcconfig */ = {isa = PBXFileReference; includeInIndex = 1; lastKnownFileType = text.xcconfig; name = "Pods-movieViewer.release.xcconfig"; path = "Pods/Target Support Files/Pods-movieViewer/Pods-movieViewer.release.xcconfig"; sourceTree = "<group>"; };
		5F314B5D1E42893A0080F1D3 /* MovieCell.swift */ = {isa = PBXFileReference; fileEncoding = 4; lastKnownFileType = sourcecode.swift; path = MovieCell.swift; sourceTree = "<group>"; };
		5F5202801E46BC64000B58DB /* DetailViewController.swift */ = {isa = PBXFileReference; fileEncoding = 4; lastKnownFileType = sourcecode.swift; path = DetailViewController.swift; sourceTree = "<group>"; };
		5F67FCF41E400E09006E6E79 /* movieViewer.app */ = {isa = PBXFileReference; explicitFileType = wrapper.application; includeInIndex = 0; path = movieViewer.app; sourceTree = BUILT_PRODUCTS_DIR; };
		5F67FCF71E400E09006E6E79 /* AppDelegate.swift */ = {isa = PBXFileReference; lastKnownFileType = sourcecode.swift; path = AppDelegate.swift; sourceTree = "<group>"; };
		5F67FCFC1E400E09006E6E79 /* Base */ = {isa = PBXFileReference; lastKnownFileType = file.storyboard; name = Base; path = Base.lproj/Main.storyboard; sourceTree = "<group>"; };
		5F67FCFE1E400E09006E6E79 /* Assets.xcassets */ = {isa = PBXFileReference; lastKnownFileType = folder.assetcatalog; path = Assets.xcassets; sourceTree = "<group>"; };
		5F67FD011E400E09006E6E79 /* Base */ = {isa = PBXFileReference; lastKnownFileType = file.storyboard; name = Base; path = Base.lproj/LaunchScreen.storyboard; sourceTree = "<group>"; };
		5F67FD031E400E09006E6E79 /* Info.plist */ = {isa = PBXFileReference; lastKnownFileType = text.plist.xml; path = Info.plist; sourceTree = "<group>"; };
		5F67FD091E400F04006E6E79 /* MoviesViewController.swift */ = {isa = PBXFileReference; fileEncoding = 4; lastKnownFileType = sourcecode.swift; path = MoviesViewController.swift; sourceTree = "<group>"; };
		8E3FDE107D266493A63D4129 /* Pods-movieViewer.debug.xcconfig */ = {isa = PBXFileReference; includeInIndex = 1; lastKnownFileType = text.xcconfig; name = "Pods-movieViewer.debug.xcconfig"; path = "Pods/Target Support Files/Pods-movieViewer/Pods-movieViewer.debug.xcconfig"; sourceTree = "<group>"; };
/* End PBXFileReference section */

/* Begin PBXFrameworksBuildPhase section */
		5F67FCF11E400E08006E6E79 /* Frameworks */ = {
			isa = PBXFrameworksBuildPhase;
			buildActionMask = 2147483647;
			files = (
				E18765752136BACD91ABFBAA /* Pods_movieViewer.framework in Frameworks */,
			);
			runOnlyForDeploymentPostprocessing = 0;
		};
/* End PBXFrameworksBuildPhase section */

/* Begin PBXGroup section */
		49BD521F95099481BA00C87A /* Frameworks */ = {
			isa = PBXGroup;
			children = (
				243469B6FABE39CFA90608DD /* Pods_movieViewer.framework */,
			);
			name = Frameworks;
			sourceTree = "<group>";
		};
		550D4652C3A4399188F1B547 /* Pods */ = {
			isa = PBXGroup;
			children = (
				8E3FDE107D266493A63D4129 /* Pods-movieViewer.debug.xcconfig */,
				469A152ABFA413D8A200CC95 /* Pods-movieViewer.release.xcconfig */,
			);
			name = Pods;
			sourceTree = "<group>";
		};
		5F314B5C1E4288D50080F1D3 /* Views */ = {
			isa = PBXGroup;
			children = (
				5F314B5D1E42893A0080F1D3 /* MovieCell.swift */,
			);
			name = Views;
			sourceTree = "<group>";
		};
		5F314B5F1E42895D0080F1D3 /* view controllers */ = {
			isa = PBXGroup;
			children = (
				5F67FD091E400F04006E6E79 /* MoviesViewController.swift */,
				5F5202801E46BC64000B58DB /* DetailViewController.swift */,
			);
			name = "view controllers";
			sourceTree = "<group>";
		};
		5F67FCEB1E400E08006E6E79 = {
			isa = PBXGroup;
			children = (
				5F67FCF61E400E09006E6E79 /* movieViewer */,
				5F67FCF51E400E09006E6E79 /* Products */,
				550D4652C3A4399188F1B547 /* Pods */,
				49BD521F95099481BA00C87A /* Frameworks */,
			);
			sourceTree = "<group>";
		};
		5F67FCF51E400E09006E6E79 /* Products */ = {
			isa = PBXGroup;
			children = (
				5F67FCF41E400E09006E6E79 /* movieViewer.app */,
			);
			name = Products;
			sourceTree = "<group>";
		};
		5F67FCF61E400E09006E6E79 /* movieViewer */ = {
			isa = PBXGroup;
			children = (
				5F314B5F1E42895D0080F1D3 /* view controllers */,
				5F314B5C1E4288D50080F1D3 /* Views */,
				5F67FCF71E400E09006E6E79 /* AppDelegate.swift */,
				5F67FCFB1E400E09006E6E79 /* Main.storyboard */,
				5F67FCFE1E400E09006E6E79 /* Assets.xcassets */,
				5F67FD001E400E09006E6E79 /* LaunchScreen.storyboard */,
				5F67FD031E400E09006E6E79 /* Info.plist */,
			);
			path = movieViewer;
			sourceTree = "<group>";
		};
/* End PBXGroup section */

/* Begin PBXNativeTarget section */
		5F67FCF31E400E08006E6E79 /* movieViewer */ = {
			isa = PBXNativeTarget;
			buildConfigurationList = 5F67FD061E400E09006E6E79 /* Build configuration list for PBXNativeTarget "movieViewer" */;
			buildPhases = (
				0230FF263A9AFB55283F10BF /* [CP] Check Pods Manifest.lock */,
				5F67FCF01E400E08006E6E79 /* Sources */,
				5F67FCF11E400E08006E6E79 /* Frameworks */,
				5F67FCF21E400E08006E6E79 /* Resources */,
				D4770B0385298CFCE0557D7E /* [CP] Embed Pods Frameworks */,
				CE77F77D030DDB911ED889EE /* [CP] Copy Pods Resources */,
			);
			buildRules = (
			);
			dependencies = (
			);
			name = movieViewer;
			productName = movieViewer;
			productReference = 5F67FCF41E400E09006E6E79 /* movieViewer.app */;
			productType = "com.apple.product-type.application";
		};
/* End PBXNativeTarget section */

/* Begin PBXProject section */
		5F67FCEC1E400E08006E6E79 /* Project object */ = {
			isa = PBXProject;
			attributes = {
				LastSwiftUpdateCheck = 0820;
				LastUpgradeCheck = 0820;
				ORGANIZATIONNAME = "Anmol Khanna";
				TargetAttributes = {
					5F67FCF31E400E08006E6E79 = {
						CreatedOnToolsVersion = 8.2.1;
						ProvisioningStyle = Automatic;
					};
				};
			};
			buildConfigurationList = 5F67FCEF1E400E08006E6E79 /* Build configuration list for PBXProject "movieViewer" */;
			compatibilityVersion = "Xcode 3.2";
			developmentRegion = English;
			hasScannedForEncodings = 0;
			knownRegions = (
				en,
				Base,
			);
			mainGroup = 5F67FCEB1E400E08006E6E79;
			productRefGroup = 5F67FCF51E400E09006E6E79 /* Products */;
			projectDirPath = "";
			projectRoot = "";
			targets = (
				5F67FCF31E400E08006E6E79 /* movieViewer */,
			);
		};
/* End PBXProject section */

/* Begin PBXResourcesBuildPhase section */
		5F67FCF21E400E08006E6E79 /* Resources */ = {
			isa = PBXResourcesBuildPhase;
			buildActionMask = 2147483647;
			files = (
				5F67FD021E400E09006E6E79 /* LaunchScreen.storyboard in Resources */,
				5F67FCFF1E400E09006E6E79 /* Assets.xcassets in Resources */,
				5F67FCFD1E400E09006E6E79 /* Main.storyboard in Resources */,
			);
			runOnlyForDeploymentPostprocessing = 0;
		};
/* End PBXResourcesBuildPhase section */

/* Begin PBXShellScriptBuildPhase section */
		0230FF263A9AFB55283F10BF /* [CP] Check Pods Manifest.lock */ = {
			isa = PBXShellScriptBuildPhase;
			buildActionMask = 2147483647;
			files = (
			);
			inputPaths = (
			);
			name = "[CP] Check Pods Manifest.lock";
			outputPaths = (
			);
			runOnlyForDeploymentPostprocessing = 0;
			shellPath = /bin/sh;
			shellScript = "diff \"${PODS_ROOT}/../Podfile.lock\" \"${PODS_ROOT}/Manifest.lock\" > /dev/null\nif [ $? != 0 ] ; then\n    # print error to STDERR\n    echo \"error: The sandbox is not in sync with the Podfile.lock. Run 'pod install' or update your CocoaPods installation.\" >&2\n    exit 1\nfi\n";
			showEnvVarsInLog = 0;
		};
		CE77F77D030DDB911ED889EE /* [CP] Copy Pods Resources */ = {
			isa = PBXShellScriptBuildPhase;
			buildActionMask = 2147483647;
			files = (
			);
			inputPaths = (
			);
			name = "[CP] Copy Pods Resources";
			outputPaths = (
			);
			runOnlyForDeploymentPostprocessing = 0;
			shellPath = /bin/sh;
			shellScript = "\"${SRCROOT}/Pods/Target Support Files/Pods-movieViewer/Pods-movieViewer-resources.sh\"\n";
			showEnvVarsInLog = 0;
		};
		D4770B0385298CFCE0557D7E /* [CP] Embed Pods Frameworks */ = {
			isa = PBXShellScriptBuildPhase;
			buildActionMask = 2147483647;
			files = (
			);
			inputPaths = (
			);
			name = "[CP] Embed Pods Frameworks";
			outputPaths = (
			);
			runOnlyForDeploymentPostprocessing = 0;
			shellPath = /bin/sh;
			shellScript = "\"${SRCROOT}/Pods/Target Support Files/Pods-movieViewer/Pods-movieViewer-frameworks.sh\"\n";
			showEnvVarsInLog = 0;
		};
/* End PBXShellScriptBuildPhase section */

/* Begin PBXSourcesBuildPhase section */
		5F67FCF01E400E08006E6E79 /* Sources */ = {
			isa = PBXSourcesBuildPhase;
			buildActionMask = 2147483647;
			files = (
				5F67FCF81E400E09006E6E79 /* AppDelegate.swift in Sources */,
				5F67FD0A1E400F04006E6E79 /* MoviesViewController.swift in Sources */,
				5F314B5E1E42893A0080F1D3 /* MovieCell.swift in Sources */,
				5F5202811E46BC64000B58DB /* DetailViewController.swift in Sources */,
			);
			runOnlyForDeploymentPostprocessing = 0;
		};
/* End PBXSourcesBuildPhase section */

/* Begin PBXVariantGroup section */
		5F67FCFB1E400E09006E6E79 /* Main.storyboard */ = {
			isa = PBXVariantGroup;
			children = (
				5F67FCFC1E400E09006E6E79 /* Base */,
			);
			name = Main.storyboard;
			sourceTree = "<group>";
		};
		5F67FD001E400E09006E6E79 /* LaunchScreen.storyboard */ = {
			isa = PBXVariantGroup;
			children = (
				5F67FD011E400E09006E6E79 /* Base */,
			);
			name = LaunchScreen.storyboard;
			sourceTree = "<group>";
		};
/* End PBXVariantGroup section */

/* Begin XCBuildConfiguration section */
		5F67FD041E400E09006E6E79 /* Debug */ = {
			isa = XCBuildConfiguration;
			buildSettings = {
				ALWAYS_SEARCH_USER_PATHS = NO;
				CLANG_ANALYZER_NONNULL = YES;
				CLANG_CXX_LANGUAGE_STANDARD = "gnu++0x";
				CLANG_CXX_LIBRARY = "libc++";
				CLANG_ENABLE_MODULES = YES;
				CLANG_ENABLE_OBJC_ARC = YES;
				CLANG_WARN_BOOL_CONVERSION = YES;
				CLANG_WARN_CONSTANT_CONVERSION = YES;
				CLANG_WARN_DIRECT_OBJC_ISA_USAGE = YES_ERROR;
				CLANG_WARN_DOCUMENTATION_COMMENTS = YES;
				CLANG_WARN_EMPTY_BODY = YES;
				CLANG_WARN_ENUM_CONVERSION = YES;
				CLANG_WARN_INFINITE_RECURSION = YES;
				CLANG_WARN_INT_CONVERSION = YES;
				CLANG_WARN_OBJC_ROOT_CLASS = YES_ERROR;
				CLANG_WARN_SUSPICIOUS_MOVE = YES;
				CLANG_WARN_UNREACHABLE_CODE = YES;
				CLANG_WARN__DUPLICATE_METHOD_MATCH = YES;
				"CODE_SIGN_IDENTITY[sdk=iphoneos*]" = "iPhone Developer";
				COPY_PHASE_STRIP = NO;
				DEBUG_INFORMATION_FORMAT = dwarf;
				ENABLE_STRICT_OBJC_MSGSEND = YES;
				ENABLE_TESTABILITY = YES;
				GCC_C_LANGUAGE_STANDARD = gnu99;
				GCC_DYNAMIC_NO_PIC = NO;
				GCC_NO_COMMON_BLOCKS = YES;
				GCC_OPTIMIZATION_LEVEL = 0;
				GCC_PREPROCESSOR_DEFINITIONS = (
					"DEBUG=1",
					"$(inherited)",
				);
				GCC_WARN_64_TO_32_BIT_CONVERSION = YES;
				GCC_WARN_ABOUT_RETURN_TYPE = YES_ERROR;
				GCC_WARN_UNDECLARED_SELECTOR = YES;
				GCC_WARN_UNINITIALIZED_AUTOS = YES_AGGRESSIVE;
				GCC_WARN_UNUSED_FUNCTION = YES;
				GCC_WARN_UNUSED_VARIABLE = YES;
				IPHONEOS_DEPLOYMENT_TARGET = 10.2;
				MTL_ENABLE_DEBUG_INFO = YES;
				ONLY_ACTIVE_ARCH = YES;
				SDKROOT = iphoneos;
				SWIFT_ACTIVE_COMPILATION_CONDITIONS = DEBUG;
				SWIFT_OPTIMIZATION_LEVEL = "-Onone";
				TARGETED_DEVICE_FAMILY = "1,2";
			};
			name = Debug;
		};
		5F67FD051E400E09006E6E79 /* Release */ = {
			isa = XCBuildConfiguration;
			buildSettings = {
				ALWAYS_SEARCH_USER_PATHS = NO;
				CLANG_ANALYZER_NONNULL = YES;
				CLANG_CXX_LANGUAGE_STANDARD = "gnu++0x";
				CLANG_CXX_LIBRARY = "libc++";
				CLANG_ENABLE_MODULES = YES;
				CLANG_ENABLE_OBJC_ARC = YES;
				CLANG_WARN_BOOL_CONVERSION = YES;
				CLANG_WARN_CONSTANT_CONVERSION = YES;
				CLANG_WARN_DIRECT_OBJC_ISA_USAGE = YES_ERROR;
				CLANG_WARN_DOCUMENTATION_COMMENTS = YES;
				CLANG_WARN_EMPTY_BODY = YES;
				CLANG_WARN_ENUM_CONVERSION = YES;
				CLANG_WARN_INFINITE_RECURSION = YES;
				CLANG_WARN_INT_CONVERSION = YES;
				CLANG_WARN_OBJC_ROOT_CLASS = YES_ERROR;
				CLANG_WARN_SUSPICIOUS_MOVE = YES;
				CLANG_WARN_UNREACHABLE_CODE = YES;
				CLANG_WARN__DUPLICATE_METHOD_MATCH = YES;
				"CODE_SIGN_IDENTITY[sdk=iphoneos*]" = "iPhone Developer";
				COPY_PHASE_STRIP = NO;
				DEBUG_INFORMATION_FORMAT = "dwarf-with-dsym";
				ENABLE_NS_ASSERTIONS = NO;
				ENABLE_STRICT_OBJC_MSGSEND = YES;
				GCC_C_LANGUAGE_STANDARD = gnu99;
				GCC_NO_COMMON_BLOCKS = YES;
				GCC_WARN_64_TO_32_BIT_CONVERSION = YES;
				GCC_WARN_ABOUT_RETURN_TYPE = YES_ERROR;
				GCC_WARN_UNDECLARED_SELECTOR = YES;
				GCC_WARN_UNINITIALIZED_AUTOS = YES_AGGRESSIVE;
				GCC_WARN_UNUSED_FUNCTION = YES;
				GCC_WARN_UNUSED_VARIABLE = YES;
				IPHONEOS_DEPLOYMENT_TARGET = 10.2;
				MTL_ENABLE_DEBUG_INFO = NO;
				SDKROOT = iphoneos;
				SWIFT_OPTIMIZATION_LEVEL = "-Owholemodule";
				TARGETED_DEVICE_FAMILY = "1,2";
				VALIDATE_PRODUCT = YES;
			};
			name = Release;
		};
		5F67FD071E400E09006E6E79 /* Debug */ = {
			isa = XCBuildConfiguration;
			baseConfigurationReference = 8E3FDE107D266493A63D4129 /* Pods-movieViewer.debug.xcconfig */;
			buildSettings = {
				ASSETCATALOG_COMPILER_APPICON_NAME = AppIcon;
				INFOPLIST_FILE = movieViewer/Info.plist;
				LD_RUNPATH_SEARCH_PATHS = "$(inherited) @executable_path/Frameworks";
				PRODUCT_BUNDLE_IDENTIFIER = "Anmol-Khanna.movieViewer";
				PRODUCT_NAME = "$(TARGET_NAME)";
				SWIFT_VERSION = 3.0;
			};
			name = Debug;
		};
		5F67FD081E400E09006E6E79 /* Release */ = {
			isa = XCBuildConfiguration;
			baseConfigurationReference = 469A152ABFA413D8A200CC95 /* Pods-movieViewer.release.xcconfig */;
			buildSettings = {
				ASSETCATALOG_COMPILER_APPICON_NAME = AppIcon;
				INFOPLIST_FILE = movieViewer/Info.plist;
				LD_RUNPATH_SEARCH_PATHS = "$(inherited) @executable_path/Frameworks";
				PRODUCT_BUNDLE_IDENTIFIER = "Anmol-Khanna.movieViewer";
				PRODUCT_NAME = "$(TARGET_NAME)";
				SWIFT_VERSION = 3.0;
			};
			name = Release;
		};
/* End XCBuildConfiguration section */

/* Begin XCConfigurationList section */
		5F67FCEF1E400E08006E6E79 /* Build configuration list for PBXProject "movieViewer" */ = {
			isa = XCConfigurationList;
			buildConfigurations = (
				5F67FD041E400E09006E6E79 /* Debug */,
				5F67FD051E400E09006E6E79 /* Release */,
			);
			defaultConfigurationIsVisible = 0;
			defaultConfigurationName = Release;
		};
		5F67FD061E400E09006E6E79 /* Build configuration list for PBXNativeTarget "movieViewer" */ = {
			isa = XCConfigurationList;
			buildConfigurations = (
				5F67FD071E400E09006E6E79 /* Debug */,
				5F67FD081E400E09006E6E79 /* Release */,
			);
			defaultConfigurationIsVisible = 0;
			defaultConfigurationName = Release;
		};
/* End XCConfigurationList section */
	};
	rootObject = 5F67FCEC1E400E08006E6E79 /* Project object */;
}
